
Microsoft Visual Studio Solution File, Format Version 12.00
# Visual Studio Version 16
VisualStudioVersion = 16.0.34407.143
MinimumVisualStudioVersion = 10.0.40219.1
Project("{2150E333-8FDC-42A3-9474-1A3956D46DE8}") = "Steps", "Steps", "{38ABC1DA-7E70-4598-B0E0-FBB77F9F05B3}"
EndProject
Project("{9A19103F-16F7-4668-BE54-9A1E7A4F7556}") = "TapExtensions.Steps", "Steps\TapExtensions.Steps\TapExtensions.Steps.csproj", "{9F7081CC-E7CE-412B-A8CF-8902BC1E8E75}"
EndProject
Project("{2150E333-8FDC-42A3-9474-1A3956D46DE8}") = "Duts", "Duts", "{A21FD5A5-C473-4C8C-B929-A658A40020B4}"
EndProject
Project("{9A19103F-16F7-4668-BE54-9A1E7A4F7556}") = "TapExtensions.Duts.Ssh", "Duts\TapExtensions.Duts.Ssh\TapExtensions.Duts.Ssh.csproj", "{A96C8400-9CA8-4CAE-918B-6BB0F68F0C51}"
EndProject
Project("{9A19103F-16F7-4668-BE54-9A1E7A4F7556}") = "TapExtensions.Duts.Uart", "Duts\TapExtensions.Duts.Uart\TapExtensions.Duts.Uart.csproj", "{F9CF4D4D-752C-4722-8685-10FC8944C8D4}"
EndProject
Project("{2150E333-8FDC-42A3-9474-1A3956D46DE8}") = "Gui", "Gui", "{E18976EB-2B40-4CFB-A4E7-73F10F8AC77C}"
EndProject
Project("{9A19103F-16F7-4668-BE54-9A1E7A4F7556}") = "TapExtensions.Gui.Wpf", "Gui\TapExtensions.Gui.Wpf\TapExtensions.Gui.Wpf.csproj", "{C537788C-AEC7-4A8A-83F1-D76FC316533F}"
EndProject
Project("{2150E333-8FDC-42A3-9474-1A3956D46DE8}") = "Instruments", "Instruments", "{6536E8DB-FFA1-4E97-91E7-DBA37839B386}"
EndProject
Project("{9A19103F-16F7-4668-BE54-9A1E7A4F7556}") = "TapExtensions.Instruments.DcPwr", "Instruments\TapExtensions.Instruments.DcPwr\TapExtensions.Instruments.DcPwr.csproj", "{EB23E2DD-F70C-48B0-9F27-33E0EBA8424E}"
EndProject
Project("{2150E333-8FDC-42A3-9474-1A3956D46DE8}") = "Interfaces", "Interfaces", "{F7669E95-05A4-4E6F-A0BC-B136A72ED571}"
EndProject
Project("{9A19103F-16F7-4668-BE54-9A1E7A4F7556}") = "TapExtensions.Interfaces", "Interfaces\TapExtensions.Interfaces\TapExtensions.Interfaces.csproj", "{25671AA2-C818-4687-8A62-DA8588421A8B}"
EndProject
Project("{2150E333-8FDC-42A3-9474-1A3956D46DE8}") = "Results", "Results", "{798B7510-669C-4A94-B74E-ADE8EC0F2319}"
EndProject
Project("{2150E333-8FDC-42A3-9474-1A3956D46DE8}") = ".build", ".build", "{4E9CC033-6F93-4532-8202-319CBFF49494}"
EndProject
Project("{9A19103F-16F7-4668-BE54-9A1E7A4F7556}") = "TapPackager", ".build\TapPackager\TapPackager.csproj", "{F5AF841C-907C-4F3F-A928-D36CE0DEC8DA}"
EndProject
Project("{9A19103F-16F7-4668-BE54-9A1E7A4F7556}") = "TapExtensions.Results", "Results\TapExtensions.Results\TapExtensions.Results.csproj", "{9E74C93F-5372-4978-B6D9-03CF47627587}"
EndProject
Project("{9A19103F-16F7-4668-BE54-9A1E7A4F7556}") = "TapExtensions.Instruments.BarcodeScanner", "Instruments\TapExtensions.Instruments.BarcodeScanner\TapExtensions.Instruments.BarcodeScanner.csproj", "{B63EB3F6-8C83-4B68-96B0-D4DAE41EA425}"
EndProject
Project("{2150E333-8FDC-42A3-9474-1A3956D46DE8}") = "Shared", "Shared", "{34D8FC14-432B-43CC-BD77-697BD2B86294}"
EndProject
Project("{9A19103F-16F7-4668-BE54-9A1E7A4F7556}") = "TapExtensions.Shared", "Shared\TapExtensions.Shared\TapExtensions.Shared.csproj", "{C8F7355B-620A-4BC9-9AE2-483F5169D652}"
EndProject
Project("{9A19103F-16F7-4668-BE54-9A1E7A4F7556}") = "TapExtensions.Shared.Win32", "Shared\TapExtensions.Shared.Win32\TapExtensions.Shared.Win32.csproj", "{D51EE740-E95F-4F44-A5A9-A62784FBF42B}"
EndProject
Project("{9A19103F-16F7-4668-BE54-9A1E7A4F7556}") = "TapExtensions.Instruments.SigGen", "Instruments\TapExtensions.Instruments.SigGen\TapExtensions.Instruments.SigGen.csproj", "{69E21D8E-51C8-4917-976E-EEC544A78D27}"
EndProject
Project("{2150E333-8FDC-42A3-9474-1A3956D46DE8}") = "Resources", "Resources", "{5D282F37-7B00-4F36-B794-0D086A6B71C6}"
EndProject
Project("{FAE04EC0-301F-11D3-BF4B-00C04F79EFBC}") = "TapExtensions.Resources.RasPi", "Resources\TapExtensions.Resources.RasPi\TapExtensions.Resources.RasPi.csproj", "{DDF4AC4C-BECE-4A24-9E51-A9960EF13017}"
EndProject
Global
	GlobalSection(SolutionConfigurationPlatforms) = preSolution
		Debug|Any CPU = Debug|Any CPU
		Release|Any CPU = Release|Any CPU
	EndGlobalSection
	GlobalSection(ProjectConfigurationPlatforms) = postSolution
		{9F7081CC-E7CE-412B-A8CF-8902BC1E8E75}.Debug|Any CPU.ActiveCfg = Debug|Any CPU
		{9F7081CC-E7CE-412B-A8CF-8902BC1E8E75}.Debug|Any CPU.Build.0 = Debug|Any CPU
		{9F7081CC-E7CE-412B-A8CF-8902BC1E8E75}.Release|Any CPU.ActiveCfg = Release|Any CPU
		{9F7081CC-E7CE-412B-A8CF-8902BC1E8E75}.Release|Any CPU.Build.0 = Release|Any CPU
		{A96C8400-9CA8-4CAE-918B-6BB0F68F0C51}.Debug|Any CPU.ActiveCfg = Debug|Any CPU
		{A96C8400-9CA8-4CAE-918B-6BB0F68F0C51}.Debug|Any CPU.Build.0 = Debug|Any CPU
		{A96C8400-9CA8-4CAE-918B-6BB0F68F0C51}.Release|Any CPU.ActiveCfg = Release|Any CPU
		{A96C8400-9CA8-4CAE-918B-6BB0F68F0C51}.Release|Any CPU.Build.0 = Release|Any CPU
		{F9CF4D4D-752C-4722-8685-10FC8944C8D4}.Debug|Any CPU.ActiveCfg = Debug|Any CPU
		{F9CF4D4D-752C-4722-8685-10FC8944C8D4}.Debug|Any CPU.Build.0 = Debug|Any CPU
		{F9CF4D4D-752C-4722-8685-10FC8944C8D4}.Release|Any CPU.ActiveCfg = Release|Any CPU
		{F9CF4D4D-752C-4722-8685-10FC8944C8D4}.Release|Any CPU.Build.0 = Release|Any CPU
		{C537788C-AEC7-4A8A-83F1-D76FC316533F}.Debug|Any CPU.ActiveCfg = Debug|Any CPU
		{C537788C-AEC7-4A8A-83F1-D76FC316533F}.Debug|Any CPU.Build.0 = Debug|Any CPU
		{C537788C-AEC7-4A8A-83F1-D76FC316533F}.Release|Any CPU.ActiveCfg = Release|Any CPU
		{C537788C-AEC7-4A8A-83F1-D76FC316533F}.Release|Any CPU.Build.0 = Release|Any CPU
		{EB23E2DD-F70C-48B0-9F27-33E0EBA8424E}.Debug|Any CPU.ActiveCfg = Debug|Any CPU
		{EB23E2DD-F70C-48B0-9F27-33E0EBA8424E}.Debug|Any CPU.Build.0 = Debug|Any CPU
		{EB23E2DD-F70C-48B0-9F27-33E0EBA8424E}.Release|Any CPU.ActiveCfg = Release|Any CPU
		{EB23E2DD-F70C-48B0-9F27-33E0EBA8424E}.Release|Any CPU.Build.0 = Release|Any CPU
		{25671AA2-C818-4687-8A62-DA8588421A8B}.Debug|Any CPU.ActiveCfg = Debug|Any CPU
		{25671AA2-C818-4687-8A62-DA8588421A8B}.Debug|Any CPU.Build.0 = Debug|Any CPU
		{25671AA2-C818-4687-8A62-DA8588421A8B}.Release|Any CPU.ActiveCfg = Release|Any CPU
		{25671AA2-C818-4687-8A62-DA8588421A8B}.Release|Any CPU.Build.0 = Release|Any CPU
		{F5AF841C-907C-4F3F-A928-D36CE0DEC8DA}.Debug|Any CPU.ActiveCfg = Debug|Any CPU
		{F5AF841C-907C-4F3F-A928-D36CE0DEC8DA}.Debug|Any CPU.Build.0 = Debug|Any CPU
		{F5AF841C-907C-4F3F-A928-D36CE0DEC8DA}.Release|Any CPU.ActiveCfg = Release|Any CPU
		{F5AF841C-907C-4F3F-A928-D36CE0DEC8DA}.Release|Any CPU.Build.0 = Release|Any CPU
		{9E74C93F-5372-4978-B6D9-03CF47627587}.Debug|Any CPU.ActiveCfg = Debug|Any CPU
		{9E74C93F-5372-4978-B6D9-03CF47627587}.Debug|Any CPU.Build.0 = Debug|Any CPU
		{9E74C93F-5372-4978-B6D9-03CF47627587}.Release|Any CPU.ActiveCfg = Release|Any CPU
		{9E74C93F-5372-4978-B6D9-03CF47627587}.Release|Any CPU.Build.0 = Release|Any CPU
		{B63EB3F6-8C83-4B68-96B0-D4DAE41EA425}.Debug|Any CPU.ActiveCfg = Debug|Any CPU
		{B63EB3F6-8C83-4B68-96B0-D4DAE41EA425}.Debug|Any CPU.Build.0 = Debug|Any CPU
		{B63EB3F6-8C83-4B68-96B0-D4DAE41EA425}.Release|Any CPU.ActiveCfg = Release|Any CPU
		{B63EB3F6-8C83-4B68-96B0-D4DAE41EA425}.Release|Any CPU.Build.0 = Release|Any CPU
		{C8F7355B-620A-4BC9-9AE2-483F5169D652}.Debug|Any CPU.ActiveCfg = Debug|Any CPU
		{C8F7355B-620A-4BC9-9AE2-483F5169D652}.Debug|Any CPU.Build.0 = Debug|Any CPU
		{C8F7355B-620A-4BC9-9AE2-483F5169D652}.Release|Any CPU.ActiveCfg = Release|Any CPU
		{C8F7355B-620A-4BC9-9AE2-483F5169D652}.Release|Any CPU.Build.0 = Release|Any CPU
		{D51EE740-E95F-4F44-A5A9-A62784FBF42B}.Debug|Any CPU.ActiveCfg = Debug|Any CPU
		{D51EE740-E95F-4F44-A5A9-A62784FBF42B}.Debug|Any CPU.Build.0 = Debug|Any CPU
		{D51EE740-E95F-4F44-A5A9-A62784FBF42B}.Release|Any CPU.ActiveCfg = Release|Any CPU
		{D51EE740-E95F-4F44-A5A9-A62784FBF42B}.Release|Any CPU.Build.0 = Release|Any CPU
		{69E21D8E-51C8-4917-976E-EEC544A78D27}.Debug|Any CPU.ActiveCfg = Debug|Any CPU
		{69E21D8E-51C8-4917-976E-EEC544A78D27}.Debug|Any CPU.Build.0 = Debug|Any CPU
		{69E21D8E-51C8-4917-976E-EEC544A78D27}.Release|Any CPU.ActiveCfg = Release|Any CPU
		{69E21D8E-51C8-4917-976E-EEC544A78D27}.Release|Any CPU.Build.0 = Release|Any CPU
		{DDF4AC4C-BECE-4A24-9E51-A9960EF13017}.Debug|Any CPU.ActiveCfg = Debug|Any CPU
		{DDF4AC4C-BECE-4A24-9E51-A9960EF13017}.Debug|Any CPU.Build.0 = Debug|Any CPU
		{DDF4AC4C-BECE-4A24-9E51-A9960EF13017}.Release|Any CPU.ActiveCfg = Release|Any CPU
		{DDF4AC4C-BECE-4A24-9E51-A9960EF13017}.Release|Any CPU.Build.0 = Release|Any CPU
	EndGlobalSection
	GlobalSection(SolutionProperties) = preSolution
		HideSolutionNode = FALSE
	EndGlobalSection
	GlobalSection(NestedProjects) = preSolution
		{9F7081CC-E7CE-412B-A8CF-8902BC1E8E75} = {38ABC1DA-7E70-4598-B0E0-FBB77F9F05B3}
		{A96C8400-9CA8-4CAE-918B-6BB0F68F0C51} = {A21FD5A5-C473-4C8C-B929-A658A40020B4}
		{F9CF4D4D-752C-4722-8685-10FC8944C8D4} = {A21FD5A5-C473-4C8C-B929-A658A40020B4}
		{C537788C-AEC7-4A8A-83F1-D76FC316533F} = {E18976EB-2B40-4CFB-A4E7-73F10F8AC77C}
		{EB23E2DD-F70C-48B0-9F27-33E0EBA8424E} = {6536E8DB-FFA1-4E97-91E7-DBA37839B386}
		{25671AA2-C818-4687-8A62-DA8588421A8B} = {F7669E95-05A4-4E6F-A0BC-B136A72ED571}
		{F5AF841C-907C-4F3F-A928-D36CE0DEC8DA} = {4E9CC033-6F93-4532-8202-319CBFF49494}
		{9E74C93F-5372-4978-B6D9-03CF47627587} = {798B7510-669C-4A94-B74E-ADE8EC0F2319}
		{B63EB3F6-8C83-4B68-96B0-D4DAE41EA425} = {6536E8DB-FFA1-4E97-91E7-DBA37839B386}
		{C8F7355B-620A-4BC9-9AE2-483F5169D652} = {34D8FC14-432B-43CC-BD77-697BD2B86294}
		{D51EE740-E95F-4F44-A5A9-A62784FBF42B} = {34D8FC14-432B-43CC-BD77-697BD2B86294}
		{69E21D8E-51C8-4917-976E-EEC544A78D27} = {6536E8DB-FFA1-4E97-91E7-DBA37839B386}
		{DDF4AC4C-BECE-4A24-9E51-A9960EF13017} = {5D282F37-7B00-4F36-B794-0D086A6B71C6}
	EndGlobalSection
	GlobalSection(ExtensibilityGlobals) = postSolution
		SolutionGuid = {4A1F67F2-6AC5-4761-9B2F-17DE13AAFB3B}
	EndGlobalSection
EndGlobal
