
Microsoft Visual Studio Solution File, Format Version 12.00
# Visual Studio Version 17
VisualStudioVersion = 17.1.32328.378
MinimumVisualStudioVersion = 10.0.40219.1
Project("{2150E333-8FDC-42A3-9474-1A3956D46DE8}") = "Interfaces", "Interfaces", "{58DF74F1-DD2D-48F8-9175-E86F667A7E93}"
EndProject
Project("{FAE04EC0-301F-11D3-BF4B-00C04F79EFBC}") = "TapExtensions.Interfaces", "Interfaces\TapExtensions.Interfaces\TapExtensions.Interfaces.csproj", "{1B948103-5BDD-41E0-86C8-8F6BF0CC194B}"
EndProject
Project("{2150E333-8FDC-42A3-9474-1A3956D46DE8}") = "Duts", "Duts", "{00989AAE-70CE-4702-832A-1FC9E19B40B8}"
EndProject
Project("{2150E333-8FDC-42A3-9474-1A3956D46DE8}") = "Gui", "Gui", "{E2A3B055-94C4-4610-84C5-881F7D150538}"
EndProject
Project("{2150E333-8FDC-42A3-9474-1A3956D46DE8}") = "Instruments", "Instruments", "{C9D59B48-0AC2-4E6B-B907-2392E4FDAAC4}"
EndProject
Project("{2150E333-8FDC-42A3-9474-1A3956D46DE8}") = "Results", "Results", "{E3E76714-F2B5-4834-AC54-AD75A121BF55}"
EndProject
Project("{2150E333-8FDC-42A3-9474-1A3956D46DE8}") = "Steps", "Steps", "{A4257A18-D45B-45DC-BEC3-19577335088B}"
EndProject
Project("{FAE04EC0-301F-11D3-BF4B-00C04F79EFBC}") = "TapExtensions.Instruments.DcPwr", "Instruments\TapExtensions.Instruments.DcPwr\TapExtensions.Instruments.DcPwr.csproj", "{02482773-8D34-4108-B180-BCE2B21774C1}"
EndProject
Global
	GlobalSection(SolutionConfigurationPlatforms) = preSolution
		Debug|Any CPU = Debug|Any CPU
		Release|Any CPU = Release|Any CPU
	EndGlobalSection
	GlobalSection(ProjectConfigurationPlatforms) = postSolution
		{1B948103-5BDD-41E0-86C8-8F6BF0CC194B}.Debug|Any CPU.ActiveCfg = Debug|Any CPU
		{1B948103-5BDD-41E0-86C8-8F6BF0CC194B}.Debug|Any CPU.Build.0 = Debug|Any CPU
		{1B948103-5BDD-41E0-86C8-8F6BF0CC194B}.Release|Any CPU.ActiveCfg = Release|Any CPU
		{1B948103-5BDD-41E0-86C8-8F6BF0CC194B}.Release|Any CPU.Build.0 = Release|Any CPU
		{02482773-8D34-4108-B180-BCE2B21774C1}.Debug|Any CPU.ActiveCfg = Debug|Any CPU
		{02482773-8D34-4108-B180-BCE2B21774C1}.Debug|Any CPU.Build.0 = Debug|Any CPU
		{02482773-8D34-4108-B180-BCE2B21774C1}.Release|Any CPU.ActiveCfg = Release|Any CPU
		{02482773-8D34-4108-B180-BCE2B21774C1}.Release|Any CPU.Build.0 = Release|Any CPU
	EndGlobalSection
	GlobalSection(SolutionProperties) = preSolution
		HideSolutionNode = FALSE
	EndGlobalSection
	GlobalSection(NestedProjects) = preSolution
		{1B948103-5BDD-41E0-86C8-8F6BF0CC194B} = {58DF74F1-DD2D-48F8-9175-E86F667A7E93}
		{02482773-8D34-4108-B180-BCE2B21774C1} = {C9D59B48-0AC2-4E6B-B907-2392E4FDAAC4}
	EndGlobalSection
	GlobalSection(ExtensibilityGlobals) = postSolution
		SolutionGuid = {74C3CC78-0A76-46BC-8FFB-05637E0539E2}
	EndGlobalSection
EndGlobal
